
Microsoft Visual Studio Solution File, Format Version 12.00
# Visual Studio Version 16
VisualStudioVersion = 16.0.30503.244
MinimumVisualStudioVersion = 10.0.40219.1
Project("{FAE04EC0-301F-11D3-BF4B-00C04F79EFBC}") = "RQE-Exam", "RQE-Exam\RQE-Exam.csproj", "{3FB86975-ABFE-4102-8AE4-47998BD90B12}"
EndProject
Global
	GlobalSection(SolutionConfigurationPlatforms) = preSolution
		Debug|Any CPU = Debug|Any CPU
		Release|Any CPU = Release|Any CPU
	EndGlobalSection
	GlobalSection(ProjectConfigurationPlatforms) = postSolution
		{3FB86975-ABFE-4102-8AE4-47998BD90B12}.Debug|Any CPU.ActiveCfg = Debug|Any CPU
		{3FB86975-ABFE-4102-8AE4-47998BD90B12}.Debug|Any CPU.Build.0 = Debug|Any CPU
		{3FB86975-ABFE-4102-8AE4-47998BD90B12}.Release|Any CPU.ActiveCfg = Release|Any CPU
		{3FB86975-ABFE-4102-8AE4-47998BD90B12}.Release|Any CPU.Build.0 = Release|Any CPU
	EndGlobalSection
	GlobalSection(SolutionProperties) = preSolution
		HideSolutionNode = FALSE
	EndGlobalSection
	GlobalSection(ExtensibilityGlobals) = postSolution
		SolutionGuid = {CBC91799-9496-44B4-B419-BE79AD732CC6}
	EndGlobalSection
EndGlobal
